
Microsoft Visual Studio Solution File, Format Version 12.00
# Visual Studio Version 17
VisualStudioVersion = 17.10.34916.146
MinimumVisualStudioVersion = 10.0.40219.1
Project("{9A19103F-16F7-4668-BE54-9A1E7A4F7556}") = "MeuProjeto", "MeuProjeto\MeuProjeto.csproj", "{9F32E3E2-3384-445A-9A3C-E3F945964F02}"
EndProject
Project("{9A19103F-16F7-4668-BE54-9A1E7A4F7556}") = "TiposDeDados2", "TipoDeDados2\TiposDeDados2.csproj", "{5D30B4DD-0733-4746-B2A7-2B5F882470AF}"
EndProject
Project("{9A19103F-16F7-4668-BE54-9A1E7A4F7556}") = "TiposDeDados3", "TiposDeDados3\TiposDeDados3.csproj", "{8F9ED769-CB64-495A-85D6-52D77D54F9AE}"
EndProject
Project("{9A19103F-16F7-4668-BE54-9A1E7A4F7556}") = "TiposDeDados4", "TipoDeDados4\TiposDeDados4.csproj", "{84C4454E-3F04-4A81-8BB3-3503D270A7CD}"
EndProject
Project("{9A19103F-16F7-4668-BE54-9A1E7A4F7556}") = "TipoDateTime1", "TipoDateTime1\TipoDateTime1.csproj", "{B801A0B5-8DA3-4ADF-B626-C5B8B091B064}"
EndProject
Project("{9A19103F-16F7-4668-BE54-9A1E7A4F7556}") = "NullableTypes1", "NullableTypes1\NullableTypes1.csproj", "{FC4CD6AD-287C-4C3A-B726-3AC613281378}"
EndProject
Project("{9A19103F-16F7-4668-BE54-9A1E7A4F7556}") = "SaidaDados", "SaidaDados\SaidaDados.csproj", "{A3DBD3E3-6073-4BDA-B182-273E39790B08}"
EndProject
Project("{9A19103F-16F7-4668-BE54-9A1E7A4F7556}") = "SaidaDados2", "SaidaDados2\SaidaDados2.csproj", "{823F5DC6-22EC-48A4-8DF5-B3165B9A132A}"
EndProject
Project("{9A19103F-16F7-4668-BE54-9A1E7A4F7556}") = "ConversaoDeTipos1", "ConversaoDeTipos1\ConversaoDeTipos1.csproj", "{15D83C96-F702-4798-8BEC-FE705E65E6EE}"
EndProject
Project("{9A19103F-16F7-4668-BE54-9A1E7A4F7556}") = "ConversaoTipos2", "ConversaoTipos2\ConversaoTipos2.csproj", "{9F40AC74-1622-44EA-9726-B6BE7B5F26D2}"
EndProject
Project("{9A19103F-16F7-4668-BE54-9A1E7A4F7556}") = "EntradaDeDados", "EntradaDeDados\EntradaDeDados.csproj", "{01B07239-6B97-49ED-8CAC-80E18AD647CA}"
EndProject
Project("{9A19103F-16F7-4668-BE54-9A1E7A4F7556}") = "InferenciaTipos1", "InferenciaTipos\InferenciaTipos1.csproj", "{574142D7-C03F-453E-B171-8ADC05122AC8}"
EndProject
Project("{9A19103F-16F7-4668-BE54-9A1E7A4F7556}") = "Constantes", "Constantes\Constantes.csproj", "{424F45F4-B85A-4034-924E-F7549FB2B699}"
EndProject
Project("{9A19103F-16F7-4668-BE54-9A1E7A4F7556}") = "TiposReferenciaAnulaveis1", "TiposReferenciaAnulaveis1\TiposReferenciaAnulaveis1.csproj", "{B6D9C5AE-4EEF-40B6-9A4E-5F5A1FDB4F4A}"
EndProject
Project("{9A19103F-16F7-4668-BE54-9A1E7A4F7556}") = "OperadorUniarioTernario1", "OperadorUniarioTernario1\OperadorUniarioTernario1.csproj", "{9D666FCC-E9CC-4C75-BCB7-C69440E0F363}"
EndProject
Project("{9A19103F-16F7-4668-BE54-9A1E7A4F7556}") = "EstruturasDeControle", "EstruturasDeControle\EstruturasDeControle.csproj", "{94799870-4208-42AE-B752-C14043FBF847}"
EndProject
Project("{9A19103F-16F7-4668-BE54-9A1E7A4F7556}") = "EstruturasDeControle2", "EstruturasDeControle2\EstruturasDeControle2.csproj", "{640AE71A-5505-4B86-A27E-3FF4A4F9B6A8}"
EndProject
Project("{9A19103F-16F7-4668-BE54-9A1E7A4F7556}") = "ClassesMetodos", "ClassesMetodos\ClassesMetodos.csproj", "{C5DF548A-765A-4D2B-B14E-B3DA14EC29C0}"
EndProject
Project("{2150E333-8FDC-42A3-9474-1A3956D46DE8}") = "Solution Items", "Solution Items", "{CCB04570-49EC-42CF-8190-A6A78C533B96}"
	ProjectSection(SolutionItems) = preProject
		.gitignore = .gitignore
	EndProjectSection
EndProject
Project("{9A19103F-16F7-4668-BE54-9A1E7A4F7556}") = "Metodos", "Metodos\Metodos.csproj", "{D1952F25-5B5A-4478-B6F4-B16AB3BFB532}"
EndProject
Project("{9A19103F-16F7-4668-BE54-9A1E7A4F7556}") = "Construtor", "Construtor\Construtor.csproj", "{0648CFE8-E690-4133-9007-308BDF992E0F}"
EndProject
Project("{9A19103F-16F7-4668-BE54-9A1E7A4F7556}") = "PassagemRef", "PassagemRef\PassagemRef.csproj", "{29CD8CC6-E2C8-44D6-B215-D6848944B0F0}"
EndProject
Project("{9A19103F-16F7-4668-BE54-9A1E7A4F7556}") = "ArgumentosNomeados", "ArgumentosNomeados\ArgumentosNomeados.csproj", "{AFA52BEB-B382-492B-B90F-A969D1FE57FE}"
EndProject
Project("{9A19103F-16F7-4668-BE54-9A1E7A4F7556}") = "ParametrosOpcionais", "ParametrosOpcionais\ParametrosOpcionais.csproj", "{66EA5460-F047-4E80-BFEF-54A3643A03AD}"
EndProject
Project("{9A19103F-16F7-4668-BE54-9A1E7A4F7556}") = "ConstrutorEstatico", "ConstrutorEstatico\ConstrutorEstatico.csproj", "{A548F9C8-3508-4877-A555-1456A64EA01F}"
EndProject
Project("{9A19103F-16F7-4668-BE54-9A1E7A4F7556}") = "Propriedades", "Propriedades\Propriedades.csproj", "{CCEBE146-5832-401A-AF1D-984BD33763DE}"
EndProject
Project("{9A19103F-16F7-4668-BE54-9A1E7A4F7556}") = "Structs", "Structs\Structs.csproj", "{96695A0A-A130-430A-90E8-63F3A0461B0D}"
EndProject
Project("{9A19103F-16F7-4668-BE54-9A1E7A4F7556}") = "Enum", "Enum\Enum.csproj", "{DCEB9745-BA68-4130-8C70-FAC0AC1AF08E}"
EndProject
Project("{9A19103F-16F7-4668-BE54-9A1E7A4F7556}") = "ModificadoresAcesso", "ModificadoresAcesso\ModificadoresAcesso.csproj", "{A443F040-F9C5-40CB-9763-13FE8EA3CAA4}"
EndProject
Project("{9A19103F-16F7-4668-BE54-9A1E7A4F7556}") = "TiposAnonimos", "TiposAnonimos\TiposAnonimos.csproj", "{95EFF140-A590-4912-BAA3-657CFE805E4A}"
EndProject
Project("{9A19103F-16F7-4668-BE54-9A1E7A4F7556}") = "PartialClass", "PartialClass\PartialClass.csproj", "{3A892E7D-CACA-4F0D-9435-AEB118B27783}"
EndProject
Project("{9A19103F-16F7-4668-BE54-9A1E7A4F7556}") = "Arrays", "Arrays\Arrays.csproj", "{F9C82B1D-FF2F-49A8-AA17-72CE414CEDFD}"
EndProject
Project("{9A19103F-16F7-4668-BE54-9A1E7A4F7556}") = "ModificadorParams", "ModificadorParams\ModificadorParams.csproj", "{E2CDC34F-5334-4F88-A30C-4857F3C61648}"
EndProject
Project("{9A19103F-16F7-4668-BE54-9A1E7A4F7556}") = "ArraysMultidimensionais", "ArraysMultidimensionais\ArraysMultidimensionais.csproj", "{1A6A75C5-2B61-49E2-ADFB-6CFBCC91ACD8}"
EndProject
Project("{9A19103F-16F7-4668-BE54-9A1E7A4F7556}") = "ArrayList", "ArrayList\ArrayList.csproj", "{313542B8-6238-44DC-8330-3EA6B0120A57}"
EndProject
Project("{9A19103F-16F7-4668-BE54-9A1E7A4F7556}") = "List", "List\List.csproj", "{98028A40-9A78-4A90-8A21-6A2481245052}"
EndProject
Project("{FAE04EC0-301F-11D3-BF4B-00C04F79EFBC}") = "Indexadores", "Indexadores\Indexadores.csproj", "{308CE0E9-FE5F-4D68-A7F1-785B2EA684D2}"
EndProject
Project("{FAE04EC0-301F-11D3-BF4B-00C04F79EFBC}") = "Random", "Random\Random.csproj", "{A907B99A-31AD-4204-A213-F7BF5F4AA056}"
EndProject
Global
	GlobalSection(SolutionConfigurationPlatforms) = preSolution
		Debug|Any CPU = Debug|Any CPU
		Release|Any CPU = Release|Any CPU
	EndGlobalSection
	GlobalSection(ProjectConfigurationPlatforms) = postSolution
		{9F32E3E2-3384-445A-9A3C-E3F945964F02}.Debug|Any CPU.ActiveCfg = Debug|Any CPU
		{9F32E3E2-3384-445A-9A3C-E3F945964F02}.Debug|Any CPU.Build.0 = Debug|Any CPU
		{9F32E3E2-3384-445A-9A3C-E3F945964F02}.Release|Any CPU.ActiveCfg = Release|Any CPU
		{9F32E3E2-3384-445A-9A3C-E3F945964F02}.Release|Any CPU.Build.0 = Release|Any CPU
		{5D30B4DD-0733-4746-B2A7-2B5F882470AF}.Debug|Any CPU.ActiveCfg = Debug|Any CPU
		{5D30B4DD-0733-4746-B2A7-2B5F882470AF}.Debug|Any CPU.Build.0 = Debug|Any CPU
		{5D30B4DD-0733-4746-B2A7-2B5F882470AF}.Release|Any CPU.ActiveCfg = Release|Any CPU
		{5D30B4DD-0733-4746-B2A7-2B5F882470AF}.Release|Any CPU.Build.0 = Release|Any CPU
		{8F9ED769-CB64-495A-85D6-52D77D54F9AE}.Debug|Any CPU.ActiveCfg = Debug|Any CPU
		{8F9ED769-CB64-495A-85D6-52D77D54F9AE}.Debug|Any CPU.Build.0 = Debug|Any CPU
		{8F9ED769-CB64-495A-85D6-52D77D54F9AE}.Release|Any CPU.ActiveCfg = Release|Any CPU
		{8F9ED769-CB64-495A-85D6-52D77D54F9AE}.Release|Any CPU.Build.0 = Release|Any CPU
		{84C4454E-3F04-4A81-8BB3-3503D270A7CD}.Debug|Any CPU.ActiveCfg = Debug|Any CPU
		{84C4454E-3F04-4A81-8BB3-3503D270A7CD}.Debug|Any CPU.Build.0 = Debug|Any CPU
		{84C4454E-3F04-4A81-8BB3-3503D270A7CD}.Release|Any CPU.ActiveCfg = Release|Any CPU
		{84C4454E-3F04-4A81-8BB3-3503D270A7CD}.Release|Any CPU.Build.0 = Release|Any CPU
		{B801A0B5-8DA3-4ADF-B626-C5B8B091B064}.Debug|Any CPU.ActiveCfg = Debug|Any CPU
		{B801A0B5-8DA3-4ADF-B626-C5B8B091B064}.Debug|Any CPU.Build.0 = Debug|Any CPU
		{B801A0B5-8DA3-4ADF-B626-C5B8B091B064}.Release|Any CPU.ActiveCfg = Release|Any CPU
		{B801A0B5-8DA3-4ADF-B626-C5B8B091B064}.Release|Any CPU.Build.0 = Release|Any CPU
		{FC4CD6AD-287C-4C3A-B726-3AC613281378}.Debug|Any CPU.ActiveCfg = Debug|Any CPU
		{FC4CD6AD-287C-4C3A-B726-3AC613281378}.Debug|Any CPU.Build.0 = Debug|Any CPU
		{FC4CD6AD-287C-4C3A-B726-3AC613281378}.Release|Any CPU.ActiveCfg = Release|Any CPU
		{FC4CD6AD-287C-4C3A-B726-3AC613281378}.Release|Any CPU.Build.0 = Release|Any CPU
		{A3DBD3E3-6073-4BDA-B182-273E39790B08}.Debug|Any CPU.ActiveCfg = Debug|Any CPU
		{A3DBD3E3-6073-4BDA-B182-273E39790B08}.Debug|Any CPU.Build.0 = Debug|Any CPU
		{A3DBD3E3-6073-4BDA-B182-273E39790B08}.Release|Any CPU.ActiveCfg = Release|Any CPU
		{A3DBD3E3-6073-4BDA-B182-273E39790B08}.Release|Any CPU.Build.0 = Release|Any CPU
		{823F5DC6-22EC-48A4-8DF5-B3165B9A132A}.Debug|Any CPU.ActiveCfg = Debug|Any CPU
		{823F5DC6-22EC-48A4-8DF5-B3165B9A132A}.Debug|Any CPU.Build.0 = Debug|Any CPU
		{823F5DC6-22EC-48A4-8DF5-B3165B9A132A}.Release|Any CPU.ActiveCfg = Release|Any CPU
		{823F5DC6-22EC-48A4-8DF5-B3165B9A132A}.Release|Any CPU.Build.0 = Release|Any CPU
		{15D83C96-F702-4798-8BEC-FE705E65E6EE}.Debug|Any CPU.ActiveCfg = Debug|Any CPU
		{15D83C96-F702-4798-8BEC-FE705E65E6EE}.Debug|Any CPU.Build.0 = Debug|Any CPU
		{15D83C96-F702-4798-8BEC-FE705E65E6EE}.Release|Any CPU.ActiveCfg = Release|Any CPU
		{15D83C96-F702-4798-8BEC-FE705E65E6EE}.Release|Any CPU.Build.0 = Release|Any CPU
		{9F40AC74-1622-44EA-9726-B6BE7B5F26D2}.Debug|Any CPU.ActiveCfg = Debug|Any CPU
		{9F40AC74-1622-44EA-9726-B6BE7B5F26D2}.Debug|Any CPU.Build.0 = Debug|Any CPU
		{9F40AC74-1622-44EA-9726-B6BE7B5F26D2}.Release|Any CPU.ActiveCfg = Release|Any CPU
		{9F40AC74-1622-44EA-9726-B6BE7B5F26D2}.Release|Any CPU.Build.0 = Release|Any CPU
		{01B07239-6B97-49ED-8CAC-80E18AD647CA}.Debug|Any CPU.ActiveCfg = Debug|Any CPU
		{01B07239-6B97-49ED-8CAC-80E18AD647CA}.Debug|Any CPU.Build.0 = Debug|Any CPU
		{01B07239-6B97-49ED-8CAC-80E18AD647CA}.Release|Any CPU.ActiveCfg = Release|Any CPU
		{01B07239-6B97-49ED-8CAC-80E18AD647CA}.Release|Any CPU.Build.0 = Release|Any CPU
		{574142D7-C03F-453E-B171-8ADC05122AC8}.Debug|Any CPU.ActiveCfg = Debug|Any CPU
		{574142D7-C03F-453E-B171-8ADC05122AC8}.Debug|Any CPU.Build.0 = Debug|Any CPU
		{574142D7-C03F-453E-B171-8ADC05122AC8}.Release|Any CPU.ActiveCfg = Release|Any CPU
		{574142D7-C03F-453E-B171-8ADC05122AC8}.Release|Any CPU.Build.0 = Release|Any CPU
		{424F45F4-B85A-4034-924E-F7549FB2B699}.Debug|Any CPU.ActiveCfg = Debug|Any CPU
		{424F45F4-B85A-4034-924E-F7549FB2B699}.Debug|Any CPU.Build.0 = Debug|Any CPU
		{424F45F4-B85A-4034-924E-F7549FB2B699}.Release|Any CPU.ActiveCfg = Release|Any CPU
		{424F45F4-B85A-4034-924E-F7549FB2B699}.Release|Any CPU.Build.0 = Release|Any CPU
		{B6D9C5AE-4EEF-40B6-9A4E-5F5A1FDB4F4A}.Debug|Any CPU.ActiveCfg = Debug|Any CPU
		{B6D9C5AE-4EEF-40B6-9A4E-5F5A1FDB4F4A}.Debug|Any CPU.Build.0 = Debug|Any CPU
		{B6D9C5AE-4EEF-40B6-9A4E-5F5A1FDB4F4A}.Release|Any CPU.ActiveCfg = Release|Any CPU
		{B6D9C5AE-4EEF-40B6-9A4E-5F5A1FDB4F4A}.Release|Any CPU.Build.0 = Release|Any CPU
		{9D666FCC-E9CC-4C75-BCB7-C69440E0F363}.Debug|Any CPU.ActiveCfg = Debug|Any CPU
		{9D666FCC-E9CC-4C75-BCB7-C69440E0F363}.Debug|Any CPU.Build.0 = Debug|Any CPU
		{9D666FCC-E9CC-4C75-BCB7-C69440E0F363}.Release|Any CPU.ActiveCfg = Release|Any CPU
		{9D666FCC-E9CC-4C75-BCB7-C69440E0F363}.Release|Any CPU.Build.0 = Release|Any CPU
		{94799870-4208-42AE-B752-C14043FBF847}.Debug|Any CPU.ActiveCfg = Debug|Any CPU
		{94799870-4208-42AE-B752-C14043FBF847}.Debug|Any CPU.Build.0 = Debug|Any CPU
		{94799870-4208-42AE-B752-C14043FBF847}.Release|Any CPU.ActiveCfg = Release|Any CPU
		{94799870-4208-42AE-B752-C14043FBF847}.Release|Any CPU.Build.0 = Release|Any CPU
		{640AE71A-5505-4B86-A27E-3FF4A4F9B6A8}.Debug|Any CPU.ActiveCfg = Debug|Any CPU
		{640AE71A-5505-4B86-A27E-3FF4A4F9B6A8}.Debug|Any CPU.Build.0 = Debug|Any CPU
		{640AE71A-5505-4B86-A27E-3FF4A4F9B6A8}.Release|Any CPU.ActiveCfg = Release|Any CPU
		{640AE71A-5505-4B86-A27E-3FF4A4F9B6A8}.Release|Any CPU.Build.0 = Release|Any CPU
		{C5DF548A-765A-4D2B-B14E-B3DA14EC29C0}.Debug|Any CPU.ActiveCfg = Debug|Any CPU
		{C5DF548A-765A-4D2B-B14E-B3DA14EC29C0}.Debug|Any CPU.Build.0 = Debug|Any CPU
		{C5DF548A-765A-4D2B-B14E-B3DA14EC29C0}.Release|Any CPU.ActiveCfg = Release|Any CPU
		{C5DF548A-765A-4D2B-B14E-B3DA14EC29C0}.Release|Any CPU.Build.0 = Release|Any CPU
		{D1952F25-5B5A-4478-B6F4-B16AB3BFB532}.Debug|Any CPU.ActiveCfg = Debug|Any CPU
		{D1952F25-5B5A-4478-B6F4-B16AB3BFB532}.Debug|Any CPU.Build.0 = Debug|Any CPU
		{D1952F25-5B5A-4478-B6F4-B16AB3BFB532}.Release|Any CPU.ActiveCfg = Release|Any CPU
		{D1952F25-5B5A-4478-B6F4-B16AB3BFB532}.Release|Any CPU.Build.0 = Release|Any CPU
		{0648CFE8-E690-4133-9007-308BDF992E0F}.Debug|Any CPU.ActiveCfg = Debug|Any CPU
		{0648CFE8-E690-4133-9007-308BDF992E0F}.Debug|Any CPU.Build.0 = Debug|Any CPU
		{0648CFE8-E690-4133-9007-308BDF992E0F}.Release|Any CPU.ActiveCfg = Release|Any CPU
		{0648CFE8-E690-4133-9007-308BDF992E0F}.Release|Any CPU.Build.0 = Release|Any CPU
		{29CD8CC6-E2C8-44D6-B215-D6848944B0F0}.Debug|Any CPU.ActiveCfg = Debug|Any CPU
		{29CD8CC6-E2C8-44D6-B215-D6848944B0F0}.Debug|Any CPU.Build.0 = Debug|Any CPU
		{29CD8CC6-E2C8-44D6-B215-D6848944B0F0}.Release|Any CPU.ActiveCfg = Release|Any CPU
		{29CD8CC6-E2C8-44D6-B215-D6848944B0F0}.Release|Any CPU.Build.0 = Release|Any CPU
		{AFA52BEB-B382-492B-B90F-A969D1FE57FE}.Debug|Any CPU.ActiveCfg = Debug|Any CPU
		{AFA52BEB-B382-492B-B90F-A969D1FE57FE}.Debug|Any CPU.Build.0 = Debug|Any CPU
		{AFA52BEB-B382-492B-B90F-A969D1FE57FE}.Release|Any CPU.ActiveCfg = Release|Any CPU
		{AFA52BEB-B382-492B-B90F-A969D1FE57FE}.Release|Any CPU.Build.0 = Release|Any CPU
		{66EA5460-F047-4E80-BFEF-54A3643A03AD}.Debug|Any CPU.ActiveCfg = Debug|Any CPU
		{66EA5460-F047-4E80-BFEF-54A3643A03AD}.Debug|Any CPU.Build.0 = Debug|Any CPU
		{66EA5460-F047-4E80-BFEF-54A3643A03AD}.Release|Any CPU.ActiveCfg = Release|Any CPU
		{66EA5460-F047-4E80-BFEF-54A3643A03AD}.Release|Any CPU.Build.0 = Release|Any CPU
		{A548F9C8-3508-4877-A555-1456A64EA01F}.Debug|Any CPU.ActiveCfg = Debug|Any CPU
		{A548F9C8-3508-4877-A555-1456A64EA01F}.Debug|Any CPU.Build.0 = Debug|Any CPU
		{A548F9C8-3508-4877-A555-1456A64EA01F}.Release|Any CPU.ActiveCfg = Release|Any CPU
		{A548F9C8-3508-4877-A555-1456A64EA01F}.Release|Any CPU.Build.0 = Release|Any CPU
		{CCEBE146-5832-401A-AF1D-984BD33763DE}.Debug|Any CPU.ActiveCfg = Debug|Any CPU
		{CCEBE146-5832-401A-AF1D-984BD33763DE}.Debug|Any CPU.Build.0 = Debug|Any CPU
		{CCEBE146-5832-401A-AF1D-984BD33763DE}.Release|Any CPU.ActiveCfg = Release|Any CPU
		{CCEBE146-5832-401A-AF1D-984BD33763DE}.Release|Any CPU.Build.0 = Release|Any CPU
		{96695A0A-A130-430A-90E8-63F3A0461B0D}.Debug|Any CPU.ActiveCfg = Debug|Any CPU
		{96695A0A-A130-430A-90E8-63F3A0461B0D}.Debug|Any CPU.Build.0 = Debug|Any CPU
		{96695A0A-A130-430A-90E8-63F3A0461B0D}.Release|Any CPU.ActiveCfg = Release|Any CPU
		{96695A0A-A130-430A-90E8-63F3A0461B0D}.Release|Any CPU.Build.0 = Release|Any CPU
		{DCEB9745-BA68-4130-8C70-FAC0AC1AF08E}.Debug|Any CPU.ActiveCfg = Debug|Any CPU
		{DCEB9745-BA68-4130-8C70-FAC0AC1AF08E}.Debug|Any CPU.Build.0 = Debug|Any CPU
		{DCEB9745-BA68-4130-8C70-FAC0AC1AF08E}.Release|Any CPU.ActiveCfg = Release|Any CPU
		{DCEB9745-BA68-4130-8C70-FAC0AC1AF08E}.Release|Any CPU.Build.0 = Release|Any CPU
		{A443F040-F9C5-40CB-9763-13FE8EA3CAA4}.Debug|Any CPU.ActiveCfg = Debug|Any CPU
		{A443F040-F9C5-40CB-9763-13FE8EA3CAA4}.Debug|Any CPU.Build.0 = Debug|Any CPU
		{A443F040-F9C5-40CB-9763-13FE8EA3CAA4}.Release|Any CPU.ActiveCfg = Release|Any CPU
		{A443F040-F9C5-40CB-9763-13FE8EA3CAA4}.Release|Any CPU.Build.0 = Release|Any CPU
		{95EFF140-A590-4912-BAA3-657CFE805E4A}.Debug|Any CPU.ActiveCfg = Debug|Any CPU
		{95EFF140-A590-4912-BAA3-657CFE805E4A}.Debug|Any CPU.Build.0 = Debug|Any CPU
		{95EFF140-A590-4912-BAA3-657CFE805E4A}.Release|Any CPU.ActiveCfg = Release|Any CPU
		{95EFF140-A590-4912-BAA3-657CFE805E4A}.Release|Any CPU.Build.0 = Release|Any CPU
		{3A892E7D-CACA-4F0D-9435-AEB118B27783}.Debug|Any CPU.ActiveCfg = Debug|Any CPU
		{3A892E7D-CACA-4F0D-9435-AEB118B27783}.Debug|Any CPU.Build.0 = Debug|Any CPU
		{3A892E7D-CACA-4F0D-9435-AEB118B27783}.Release|Any CPU.ActiveCfg = Release|Any CPU
		{3A892E7D-CACA-4F0D-9435-AEB118B27783}.Release|Any CPU.Build.0 = Release|Any CPU
		{F9C82B1D-FF2F-49A8-AA17-72CE414CEDFD}.Debug|Any CPU.ActiveCfg = Debug|Any CPU
		{F9C82B1D-FF2F-49A8-AA17-72CE414CEDFD}.Debug|Any CPU.Build.0 = Debug|Any CPU
		{F9C82B1D-FF2F-49A8-AA17-72CE414CEDFD}.Release|Any CPU.ActiveCfg = Release|Any CPU
		{F9C82B1D-FF2F-49A8-AA17-72CE414CEDFD}.Release|Any CPU.Build.0 = Release|Any CPU
		{E2CDC34F-5334-4F88-A30C-4857F3C61648}.Debug|Any CPU.ActiveCfg = Debug|Any CPU
		{E2CDC34F-5334-4F88-A30C-4857F3C61648}.Debug|Any CPU.Build.0 = Debug|Any CPU
		{E2CDC34F-5334-4F88-A30C-4857F3C61648}.Release|Any CPU.ActiveCfg = Release|Any CPU
		{E2CDC34F-5334-4F88-A30C-4857F3C61648}.Release|Any CPU.Build.0 = Release|Any CPU
		{1A6A75C5-2B61-49E2-ADFB-6CFBCC91ACD8}.Debug|Any CPU.ActiveCfg = Debug|Any CPU
		{1A6A75C5-2B61-49E2-ADFB-6CFBCC91ACD8}.Debug|Any CPU.Build.0 = Debug|Any CPU
		{1A6A75C5-2B61-49E2-ADFB-6CFBCC91ACD8}.Release|Any CPU.ActiveCfg = Release|Any CPU
		{1A6A75C5-2B61-49E2-ADFB-6CFBCC91ACD8}.Release|Any CPU.Build.0 = Release|Any CPU
		{313542B8-6238-44DC-8330-3EA6B0120A57}.Debug|Any CPU.ActiveCfg = Debug|Any CPU
		{313542B8-6238-44DC-8330-3EA6B0120A57}.Debug|Any CPU.Build.0 = Debug|Any CPU
		{313542B8-6238-44DC-8330-3EA6B0120A57}.Release|Any CPU.ActiveCfg = Release|Any CPU
		{313542B8-6238-44DC-8330-3EA6B0120A57}.Release|Any CPU.Build.0 = Release|Any CPU
		{98028A40-9A78-4A90-8A21-6A2481245052}.Debug|Any CPU.ActiveCfg = Debug|Any CPU
		{98028A40-9A78-4A90-8A21-6A2481245052}.Debug|Any CPU.Build.0 = Debug|Any CPU
		{98028A40-9A78-4A90-8A21-6A2481245052}.Release|Any CPU.ActiveCfg = Release|Any CPU
		{98028A40-9A78-4A90-8A21-6A2481245052}.Release|Any CPU.Build.0 = Release|Any CPU
		{308CE0E9-FE5F-4D68-A7F1-785B2EA684D2}.Debug|Any CPU.ActiveCfg = Debug|Any CPU
		{308CE0E9-FE5F-4D68-A7F1-785B2EA684D2}.Debug|Any CPU.Build.0 = Debug|Any CPU
		{308CE0E9-FE5F-4D68-A7F1-785B2EA684D2}.Release|Any CPU.ActiveCfg = Release|Any CPU
		{308CE0E9-FE5F-4D68-A7F1-785B2EA684D2}.Release|Any CPU.Build.0 = Release|Any CPU
		{A907B99A-31AD-4204-A213-F7BF5F4AA056}.Debug|Any CPU.ActiveCfg = Debug|Any CPU
		{A907B99A-31AD-4204-A213-F7BF5F4AA056}.Debug|Any CPU.Build.0 = Debug|Any CPU
		{A907B99A-31AD-4204-A213-F7BF5F4AA056}.Release|Any CPU.ActiveCfg = Release|Any CPU
		{A907B99A-31AD-4204-A213-F7BF5F4AA056}.Release|Any CPU.Build.0 = Release|Any CPU
	EndGlobalSection
	GlobalSection(SolutionProperties) = preSolution
		HideSolutionNode = FALSE
	EndGlobalSection
	GlobalSection(ExtensibilityGlobals) = postSolution
		SolutionGuid = {97E65021-B196-4CA0-A15C-BE23309452A0}
	EndGlobalSection
EndGlobal
