
Microsoft Visual Studio Solution File, Format Version 12.00
# Visual Studio Version 17
VisualStudioVersion = 17.10.34916.146
MinimumVisualStudioVersion = 10.0.40219.1
Project("{9A19103F-16F7-4668-BE54-9A1E7A4F7556}") = "MeuProjeto", "MeuProjeto\MeuProjeto.csproj", "{9F32E3E2-3384-445A-9A3C-E3F945964F02}"
EndProject
Project("{9A19103F-16F7-4668-BE54-9A1E7A4F7556}") = "TiposDeDados2", "TipoDeDados2\TiposDeDados2.csproj", "{5D30B4DD-0733-4746-B2A7-2B5F882470AF}"
EndProject
Project("{9A19103F-16F7-4668-BE54-9A1E7A4F7556}") = "TiposDeDados3", "TiposDeDados3\TiposDeDados3.csproj", "{8F9ED769-CB64-495A-85D6-52D77D54F9AE}"
EndProject
Project("{9A19103F-16F7-4668-BE54-9A1E7A4F7556}") = "TiposDeDados4", "TipoDeDados4\TiposDeDados4.csproj", "{84C4454E-3F04-4A81-8BB3-3503D270A7CD}"
EndProject
Project("{9A19103F-16F7-4668-BE54-9A1E7A4F7556}") = "TipoDateTime1", "TipoDateTime1\TipoDateTime1.csproj", "{B801A0B5-8DA3-4ADF-B626-C5B8B091B064}"
EndProject
Project("{9A19103F-16F7-4668-BE54-9A1E7A4F7556}") = "NullableTypes1", "NullableTypes1\NullableTypes1.csproj", "{FC4CD6AD-287C-4C3A-B726-3AC613281378}"
EndProject
Project("{9A19103F-16F7-4668-BE54-9A1E7A4F7556}") = "SaidaDados", "SaidaDados\SaidaDados.csproj", "{A3DBD3E3-6073-4BDA-B182-273E39790B08}"
EndProject
Project("{9A19103F-16F7-4668-BE54-9A1E7A4F7556}") = "SaidaDados2", "SaidaDados2\SaidaDados2.csproj", "{823F5DC6-22EC-48A4-8DF5-B3165B9A132A}"
EndProject
Project("{9A19103F-16F7-4668-BE54-9A1E7A4F7556}") = "ConversaoDeTipos1", "ConversaoDeTipos1\ConversaoDeTipos1.csproj", "{15D83C96-F702-4798-8BEC-FE705E65E6EE}"
EndProject
Project("{9A19103F-16F7-4668-BE54-9A1E7A4F7556}") = "ConversaoTipos2", "ConversaoTipos2\ConversaoTipos2.csproj", "{9F40AC74-1622-44EA-9726-B6BE7B5F26D2}"
EndProject
Project("{9A19103F-16F7-4668-BE54-9A1E7A4F7556}") = "EntradaDeDados", "EntradaDeDados\EntradaDeDados.csproj", "{01B07239-6B97-49ED-8CAC-80E18AD647CA}"
EndProject
Project("{9A19103F-16F7-4668-BE54-9A1E7A4F7556}") = "InferenciaTipos1", "InferenciaTipos\InferenciaTipos1.csproj", "{574142D7-C03F-453E-B171-8ADC05122AC8}"
EndProject
Project("{9A19103F-16F7-4668-BE54-9A1E7A4F7556}") = "Constantes", "Constantes\Constantes.csproj", "{424F45F4-B85A-4034-924E-F7549FB2B699}"
EndProject
Project("{9A19103F-16F7-4668-BE54-9A1E7A4F7556}") = "TiposReferenciaAnulaveis1", "TiposReferenciaAnulaveis1\TiposReferenciaAnulaveis1.csproj", "{B6D9C5AE-4EEF-40B6-9A4E-5F5A1FDB4F4A}"
EndProject
Project("{9A19103F-16F7-4668-BE54-9A1E7A4F7556}") = "OperadorUniarioTernario1", "OperadorUniarioTernario1\OperadorUniarioTernario1.csproj", "{9D666FCC-E9CC-4C75-BCB7-C69440E0F363}"
EndProject
Project("{9A19103F-16F7-4668-BE54-9A1E7A4F7556}") = "EstruturasDeControle", "EstruturasDeControle\EstruturasDeControle.csproj", "{94799870-4208-42AE-B752-C14043FBF847}"
EndProject
Project("{9A19103F-16F7-4668-BE54-9A1E7A4F7556}") = "EstruturasDeControle2", "EstruturasDeControle2\EstruturasDeControle2.csproj", "{640AE71A-5505-4B86-A27E-3FF4A4F9B6A8}"
EndProject
Project("{9A19103F-16F7-4668-BE54-9A1E7A4F7556}") = "ClassesMetodos", "ClassesMetodos\ClassesMetodos.csproj", "{C5DF548A-765A-4D2B-B14E-B3DA14EC29C0}"
EndProject
Project("{2150E333-8FDC-42A3-9474-1A3956D46DE8}") = "Solution Items", "Solution Items", "{CCB04570-49EC-42CF-8190-A6A78C533B96}"
	ProjectSection(SolutionItems) = preProject
		.gitignore = .gitignore
	EndProjectSection
EndProject
Project("{9A19103F-16F7-4668-BE54-9A1E7A4F7556}") = "Metodos", "Metodos\Metodos.csproj", "{D1952F25-5B5A-4478-B6F4-B16AB3BFB532}"
EndProject
Project("{9A19103F-16F7-4668-BE54-9A1E7A4F7556}") = "Construtor", "Construtor\Construtor.csproj", "{0648CFE8-E690-4133-9007-308BDF992E0F}"
EndProject
Project("{9A19103F-16F7-4668-BE54-9A1E7A4F7556}") = "PassagemRef", "PassagemRef\PassagemRef.csproj", "{29CD8CC6-E2C8-44D6-B215-D6848944B0F0}"
EndProject
Project("{9A19103F-16F7-4668-BE54-9A1E7A4F7556}") = "ArgumentosNomeados", "ArgumentosNomeados\ArgumentosNomeados.csproj", "{AFA52BEB-B382-492B-B90F-A969D1FE57FE}"
EndProject
Project("{9A19103F-16F7-4668-BE54-9A1E7A4F7556}") = "ParametrosOpcionais", "ParametrosOpcionais\ParametrosOpcionais.csproj", "{66EA5460-F047-4E80-BFEF-54A3643A03AD}"
EndProject
Project("{9A19103F-16F7-4668-BE54-9A1E7A4F7556}") = "ConstrutorEstatico", "ConstrutorEstatico\ConstrutorEstatico.csproj", "{A548F9C8-3508-4877-A555-1456A64EA01F}"
EndProject
Project("{9A19103F-16F7-4668-BE54-9A1E7A4F7556}") = "Propriedades", "Propriedades\Propriedades.csproj", "{CCEBE146-5832-401A-AF1D-984BD33763DE}"
EndProject
Project("{9A19103F-16F7-4668-BE54-9A1E7A4F7556}") = "Structs", "Structs\Structs.csproj", "{96695A0A-A130-430A-90E8-63F3A0461B0D}"
EndProject
Project("{9A19103F-16F7-4668-BE54-9A1E7A4F7556}") = "Enum", "Enum\Enum.csproj", "{DCEB9745-BA68-4130-8C70-FAC0AC1AF08E}"
EndProject
Project("{9A19103F-16F7-4668-BE54-9A1E7A4F7556}") = "ModificadoresAcesso", "ModificadoresAcesso\ModificadoresAcesso.csproj", "{A443F040-F9C5-40CB-9763-13FE8EA3CAA4}"
EndProject
Project("{9A19103F-16F7-4668-BE54-9A1E7A4F7556}") = "TiposAnonimos", "TiposAnonimos\TiposAnonimos.csproj", "{95EFF140-A590-4912-BAA3-657CFE805E4A}"
EndProject
Project("{9A19103F-16F7-4668-BE54-9A1E7A4F7556}") = "PartialClass", "PartialClass\PartialClass.csproj", "{3A892E7D-CACA-4F0D-9435-AEB118B27783}"
EndProject
Project("{9A19103F-16F7-4668-BE54-9A1E7A4F7556}") = "Arrays", "Arrays\Arrays.csproj", "{F9C82B1D-FF2F-49A8-AA17-72CE414CEDFD}"
EndProject
Project("{9A19103F-16F7-4668-BE54-9A1E7A4F7556}") = "ModificadorParams", "ModificadorParams\ModificadorParams.csproj", "{E2CDC34F-5334-4F88-A30C-4857F3C61648}"
EndProject
Project("{9A19103F-16F7-4668-BE54-9A1E7A4F7556}") = "ArraysMultidimensionais", "ArraysMultidimensionais\ArraysMultidimensionais.csproj", "{1A6A75C5-2B61-49E2-ADFB-6CFBCC91ACD8}"
EndProject
Project("{9A19103F-16F7-4668-BE54-9A1E7A4F7556}") = "ArrayList", "ArrayList\ArrayList.csproj", "{313542B8-6238-44DC-8330-3EA6B0120A57}"
EndProject
Project("{9A19103F-16F7-4668-BE54-9A1E7A4F7556}") = "List", "List\List.csproj", "{98028A40-9A78-4A90-8A21-6A2481245052}"
EndProject
Project("{9A19103F-16F7-4668-BE54-9A1E7A4F7556}") = "Indexadores", "Indexadores\Indexadores.csproj", "{308CE0E9-FE5F-4D68-A7F1-785B2EA684D2}"
EndProject
Project("{9A19103F-16F7-4668-BE54-9A1E7A4F7556}") = "Random", "Random\Random.csproj", "{A907B99A-31AD-4204-A213-F7BF5F4AA056}"
EndProject
Project("{9A19103F-16F7-4668-BE54-9A1E7A4F7556}") = "Heranca", "Heranca\Heranca.csproj", "{51E57FD4-A2DA-492F-B938-F44D76A696DB}"
EndProject
Project("{9A19103F-16F7-4668-BE54-9A1E7A4F7556}") = "Override", "Override\Override.csproj", "{DF2388D5-CD52-4AD1-8823-2569197BDF64}"
EndProject
Project("{9A19103F-16F7-4668-BE54-9A1E7A4F7556}") = "ModificadorSealed", "ModificadorSealed\ModificadorSealed.csproj", "{4BD2207E-A311-4AC5-881C-04E5A8B183AD}"
EndProject
Project("{9A19103F-16F7-4668-BE54-9A1E7A4F7556}") = "Casting", "Casting\Casting.csproj", "{17926689-4A60-4D11-A810-7780B585133F}"
EndProject
Project("{9A19103F-16F7-4668-BE54-9A1E7A4F7556}") = "OperadorIseAs", "OperadorIseAs\OperadorIseAs.csproj", "{570BDCC2-8C75-4610-8F77-4345CC9729C7}"
EndProject
Project("{9A19103F-16F7-4668-BE54-9A1E7A4F7556}") = "ClasseAbstrata", "ClasseAbstrata\ClasseAbstrata.csproj", "{A8787641-EBCF-4BF5-BD01-CBF4E053CB05}"
EndProject
Project("{9A19103F-16F7-4668-BE54-9A1E7A4F7556}") = "Interfaces", "Interfaces\Interfaces.csproj", "{228BCC4B-58E4-4918-AB55-86CC4D93E383}"
EndProject
Project("{9A19103F-16F7-4668-BE54-9A1E7A4F7556}") = "Composicao", "Composicao\Composicao.csproj", "{878D0148-2B59-4091-ADCC-A799554F93C6}"
EndProject
Project("{9A19103F-16F7-4668-BE54-9A1E7A4F7556}") = "Agregacao", "Agregacao\Agregacao.csproj", "{8B3C1834-767F-4918-8D10-C649BB2D3CFE}"
EndProject
Project("{9A19103F-16F7-4668-BE54-9A1E7A4F7556}") = "Polimorfismo", "Polimorfismo\Polimorfismo.csproj", "{E1DF9EB9-CC2E-474E-9CE1-78C5C5E02998}"
EndProject
Project("{9A19103F-16F7-4668-BE54-9A1E7A4F7556}") = "Generics", "Generics\Generics.csproj", "{C357897C-273B-4BC0-971C-956BA26B0C83}"
EndProject
Project("{9A19103F-16F7-4668-BE54-9A1E7A4F7556}") = "HashCodeEquals", "HashCodeEquals\HashCodeEquals.csproj", "{4431A5C9-5F46-46D7-BD69-57A2CD635EA2}"
EndProject
Project("{9A19103F-16F7-4668-BE54-9A1E7A4F7556}") = "ColecoesGenericasENaoGenericas", "ColecoesGenericasENaoGenericas\ColecoesGenericasENaoGenericas.csproj", "{3594F5EF-4DCA-4955-BD36-9FED7333C815}"
EndProject
Project("{9A19103F-16F7-4668-BE54-9A1E7A4F7556}") = "Dictionary", "Dictionary\Dictionary.csproj", "{B777CDD7-9FA2-44D2-B892-E6A2DED61F32}"
EndProject
Project("{9A19103F-16F7-4668-BE54-9A1E7A4F7556}") = "SortedDictionary", "SortedDictionary\SortedDictionary.csproj", "{EC442220-553F-48AC-A284-D9AD6B10672D}"
EndProject
Project("{9A19103F-16F7-4668-BE54-9A1E7A4F7556}") = "Set", "Set\Set.csproj", "{FE01AABA-44CE-44DA-8AE8-ED6D4DD7B0AF}"
EndProject
Project("{9A19103F-16F7-4668-BE54-9A1E7A4F7556}") = "Stack", "Stack\Stack.csproj", "{C69D8E55-9867-4F1B-9F6A-17834240AF71}"
EndProject
Project("{9A19103F-16F7-4668-BE54-9A1E7A4F7556}") = "Queue", "Queue\Queue.csproj", "{5E4A03DE-5790-4EAB-85C5-7127B54F69EE}"
EndProject
Project("{9A19103F-16F7-4668-BE54-9A1E7A4F7556}") = "ReadOnlyCollection", "ReadOnlyCollection\ReadOnlyCollection.csproj", "{061F2493-B1E3-444C-A89E-25E1612619C3}"
EndProject
Project("{9A19103F-16F7-4668-BE54-9A1E7A4F7556}") = "Exceptions", "Exceptions\Exceptions.csproj", "{9DBEBB70-127F-4130-864F-17DB0F2B069D}"
EndProject
Project("{9A19103F-16F7-4668-BE54-9A1E7A4F7556}") = "Delegates", "Delegates\Delegates.csproj", "{80BD1850-5025-4150-8E86-920CB894E82B}"
EndProject
Project("{9A19103F-16F7-4668-BE54-9A1E7A4F7556}") = "DelegatesMulticast", "DelegatesMulticast\DelegatesMulticast.csproj", "{8D691E0A-48BD-4D39-81A3-8B6D2A81F2B6}"
EndProject
Project("{9A19103F-16F7-4668-BE54-9A1E7A4F7556}") = "FuncoesAnonimas", "FuncoesAnonimas\FuncoesAnonimas.csproj", "{2EA46CF7-7844-4C02-80C8-94CB85A4A118}"
EndProject
Project("{9A19103F-16F7-4668-BE54-9A1E7A4F7556}") = "ExpressoesLambda", "ExpressoesLambda\ExpressoesLambda.csproj", "{3A5B07ED-B56F-4A6D-B056-7AE5C3CA5585}"
EndProject
Project("{9A19103F-16F7-4668-BE54-9A1E7A4F7556}") = "DelegatePredicate", "DelegatePredicate\DelegatePredicate.csproj", "{947F8107-9A15-48B3-9F19-3544AC88D72A}"
EndProject
Project("{9A19103F-16F7-4668-BE54-9A1E7A4F7556}") = "DelegateAction", "DelegateAction\DelegateAction.csproj", "{97312A87-BD09-44D5-90FE-2DD716664900}"
EndProject
Project("{9A19103F-16F7-4668-BE54-9A1E7A4F7556}") = "DelegateFunc", "DelegateFunc\DelegateFunc.csproj", "{2FDF4403-5283-4004-A15E-64548806F815}"
EndProject
Project("{9A19103F-16F7-4668-BE54-9A1E7A4F7556}") = "Eventos", "Eventos\Eventos.csproj", "{82A50600-F532-47EC-9B36-7287701F02A9}"
EndProject
Project("{9A19103F-16F7-4668-BE54-9A1E7A4F7556}") = "EventHandler", "EventHandler\EventHandler.csproj", "{917311DF-2138-4263-853B-6337424D6F41}"
EndProject
Project("{9A19103F-16F7-4668-BE54-9A1E7A4F7556}") = "TEvntHandler", "TEvntHandler\TEvntHandler.csproj", "{17E8EAD4-7A38-4E1A-A4EE-7BF796EDAC40}"
EndProject
Project("{9A19103F-16F7-4668-BE54-9A1E7A4F7556}") = "MetodosDeExtensao", "MetodosDeExtensao\MetodosDeExtensao.csproj", "{7FBD36AE-B368-4F61-8D42-AF995290BEAE}"
EndProject
Project("{9A19103F-16F7-4668-BE54-9A1E7A4F7556}") = "LINQ1", "LINQ1\LINQ1.csproj", "{987CAA00-A02C-406D-A10A-AFE035C1422C}"
EndProject
Project("{9A19103F-16F7-4668-BE54-9A1E7A4F7556}") = "LINQ2", "LINQ2\LINQ2.csproj", "{519E7F66-B1DD-42C7-86F5-EC0545386064}"
EndProject
Project("{9A19103F-16F7-4668-BE54-9A1E7A4F7556}") = "LINQ3", "LINQ3\LINQ3.csproj", "{0F1F7C9F-9FF0-4A9A-8650-58DBCCB4A324}"
EndProject
Project("{9A19103F-16F7-4668-BE54-9A1E7A4F7556}") = "LINQ4", "LINQ4\LINQ4.csproj", "{60D43323-D7B3-4E64-AD73-AA15CA6241B7}"
EndProject
Project("{9A19103F-16F7-4668-BE54-9A1E7A4F7556}") = "File", "File\File.csproj", "{BFF68096-55D5-4E26-BC20-A3278998C52C}"
EndProject
Project("{9A19103F-16F7-4668-BE54-9A1E7A4F7556}") = "FileInfo", "FileInfo\FileInfo.csproj", "{17FFA5FA-9B84-4A6F-9819-BC94AD239F53}"
EndProject
Project("{FAE04EC0-301F-11D3-BF4B-00C04F79EFBC}") = "SerializacaoBinaria", "SerializacaoBinaria\SerializacaoBinaria.csproj", "{18FCA97F-B698-4F51-82B8-A7DDB033A0B5}"
EndProject
Project("{FAE04EC0-301F-11D3-BF4B-00C04F79EFBC}") = "SerializacaoXML", "SerializacaoXML\SerializacaoXML.csproj", "{6727AE91-38DF-4483-9510-DEEA00131A75}"
EndProject
Project("{FAE04EC0-301F-11D3-BF4B-00C04F79EFBC}") = "SerializacaoJSON", "SerializacaoJSON\SerializacaoJSON.csproj", "{A3EC5B06-6233-4B49-9E47-88891078D5EC}"
EndProject
Global
	GlobalSection(SolutionConfigurationPlatforms) = preSolution
		Debug|Any CPU = Debug|Any CPU
		Release|Any CPU = Release|Any CPU
	EndGlobalSection
	GlobalSection(ProjectConfigurationPlatforms) = postSolution
		{9F32E3E2-3384-445A-9A3C-E3F945964F02}.Debug|Any CPU.ActiveCfg = Debug|Any CPU
		{9F32E3E2-3384-445A-9A3C-E3F945964F02}.Debug|Any CPU.Build.0 = Debug|Any CPU
		{9F32E3E2-3384-445A-9A3C-E3F945964F02}.Release|Any CPU.ActiveCfg = Release|Any CPU
		{9F32E3E2-3384-445A-9A3C-E3F945964F02}.Release|Any CPU.Build.0 = Release|Any CPU
		{5D30B4DD-0733-4746-B2A7-2B5F882470AF}.Debug|Any CPU.ActiveCfg = Debug|Any CPU
		{5D30B4DD-0733-4746-B2A7-2B5F882470AF}.Debug|Any CPU.Build.0 = Debug|Any CPU
		{5D30B4DD-0733-4746-B2A7-2B5F882470AF}.Release|Any CPU.ActiveCfg = Release|Any CPU
		{5D30B4DD-0733-4746-B2A7-2B5F882470AF}.Release|Any CPU.Build.0 = Release|Any CPU
		{8F9ED769-CB64-495A-85D6-52D77D54F9AE}.Debug|Any CPU.ActiveCfg = Debug|Any CPU
		{8F9ED769-CB64-495A-85D6-52D77D54F9AE}.Debug|Any CPU.Build.0 = Debug|Any CPU
		{8F9ED769-CB64-495A-85D6-52D77D54F9AE}.Release|Any CPU.ActiveCfg = Release|Any CPU
		{8F9ED769-CB64-495A-85D6-52D77D54F9AE}.Release|Any CPU.Build.0 = Release|Any CPU
		{84C4454E-3F04-4A81-8BB3-3503D270A7CD}.Debug|Any CPU.ActiveCfg = Debug|Any CPU
		{84C4454E-3F04-4A81-8BB3-3503D270A7CD}.Debug|Any CPU.Build.0 = Debug|Any CPU
		{84C4454E-3F04-4A81-8BB3-3503D270A7CD}.Release|Any CPU.ActiveCfg = Release|Any CPU
		{84C4454E-3F04-4A81-8BB3-3503D270A7CD}.Release|Any CPU.Build.0 = Release|Any CPU
		{B801A0B5-8DA3-4ADF-B626-C5B8B091B064}.Debug|Any CPU.ActiveCfg = Debug|Any CPU
		{B801A0B5-8DA3-4ADF-B626-C5B8B091B064}.Debug|Any CPU.Build.0 = Debug|Any CPU
		{B801A0B5-8DA3-4ADF-B626-C5B8B091B064}.Release|Any CPU.ActiveCfg = Release|Any CPU
		{B801A0B5-8DA3-4ADF-B626-C5B8B091B064}.Release|Any CPU.Build.0 = Release|Any CPU
		{FC4CD6AD-287C-4C3A-B726-3AC613281378}.Debug|Any CPU.ActiveCfg = Debug|Any CPU
		{FC4CD6AD-287C-4C3A-B726-3AC613281378}.Debug|Any CPU.Build.0 = Debug|Any CPU
		{FC4CD6AD-287C-4C3A-B726-3AC613281378}.Release|Any CPU.ActiveCfg = Release|Any CPU
		{FC4CD6AD-287C-4C3A-B726-3AC613281378}.Release|Any CPU.Build.0 = Release|Any CPU
		{A3DBD3E3-6073-4BDA-B182-273E39790B08}.Debug|Any CPU.ActiveCfg = Debug|Any CPU
		{A3DBD3E3-6073-4BDA-B182-273E39790B08}.Debug|Any CPU.Build.0 = Debug|Any CPU
		{A3DBD3E3-6073-4BDA-B182-273E39790B08}.Release|Any CPU.ActiveCfg = Release|Any CPU
		{A3DBD3E3-6073-4BDA-B182-273E39790B08}.Release|Any CPU.Build.0 = Release|Any CPU
		{823F5DC6-22EC-48A4-8DF5-B3165B9A132A}.Debug|Any CPU.ActiveCfg = Debug|Any CPU
		{823F5DC6-22EC-48A4-8DF5-B3165B9A132A}.Debug|Any CPU.Build.0 = Debug|Any CPU
		{823F5DC6-22EC-48A4-8DF5-B3165B9A132A}.Release|Any CPU.ActiveCfg = Release|Any CPU
		{823F5DC6-22EC-48A4-8DF5-B3165B9A132A}.Release|Any CPU.Build.0 = Release|Any CPU
		{15D83C96-F702-4798-8BEC-FE705E65E6EE}.Debug|Any CPU.ActiveCfg = Debug|Any CPU
		{15D83C96-F702-4798-8BEC-FE705E65E6EE}.Debug|Any CPU.Build.0 = Debug|Any CPU
		{15D83C96-F702-4798-8BEC-FE705E65E6EE}.Release|Any CPU.ActiveCfg = Release|Any CPU
		{15D83C96-F702-4798-8BEC-FE705E65E6EE}.Release|Any CPU.Build.0 = Release|Any CPU
		{9F40AC74-1622-44EA-9726-B6BE7B5F26D2}.Debug|Any CPU.ActiveCfg = Debug|Any CPU
		{9F40AC74-1622-44EA-9726-B6BE7B5F26D2}.Debug|Any CPU.Build.0 = Debug|Any CPU
		{9F40AC74-1622-44EA-9726-B6BE7B5F26D2}.Release|Any CPU.ActiveCfg = Release|Any CPU
		{9F40AC74-1622-44EA-9726-B6BE7B5F26D2}.Release|Any CPU.Build.0 = Release|Any CPU
		{01B07239-6B97-49ED-8CAC-80E18AD647CA}.Debug|Any CPU.ActiveCfg = Debug|Any CPU
		{01B07239-6B97-49ED-8CAC-80E18AD647CA}.Debug|Any CPU.Build.0 = Debug|Any CPU
		{01B07239-6B97-49ED-8CAC-80E18AD647CA}.Release|Any CPU.ActiveCfg = Release|Any CPU
		{01B07239-6B97-49ED-8CAC-80E18AD647CA}.Release|Any CPU.Build.0 = Release|Any CPU
		{574142D7-C03F-453E-B171-8ADC05122AC8}.Debug|Any CPU.ActiveCfg = Debug|Any CPU
		{574142D7-C03F-453E-B171-8ADC05122AC8}.Debug|Any CPU.Build.0 = Debug|Any CPU
		{574142D7-C03F-453E-B171-8ADC05122AC8}.Release|Any CPU.ActiveCfg = Release|Any CPU
		{574142D7-C03F-453E-B171-8ADC05122AC8}.Release|Any CPU.Build.0 = Release|Any CPU
		{424F45F4-B85A-4034-924E-F7549FB2B699}.Debug|Any CPU.ActiveCfg = Debug|Any CPU
		{424F45F4-B85A-4034-924E-F7549FB2B699}.Debug|Any CPU.Build.0 = Debug|Any CPU
		{424F45F4-B85A-4034-924E-F7549FB2B699}.Release|Any CPU.ActiveCfg = Release|Any CPU
		{424F45F4-B85A-4034-924E-F7549FB2B699}.Release|Any CPU.Build.0 = Release|Any CPU
		{B6D9C5AE-4EEF-40B6-9A4E-5F5A1FDB4F4A}.Debug|Any CPU.ActiveCfg = Debug|Any CPU
		{B6D9C5AE-4EEF-40B6-9A4E-5F5A1FDB4F4A}.Debug|Any CPU.Build.0 = Debug|Any CPU
		{B6D9C5AE-4EEF-40B6-9A4E-5F5A1FDB4F4A}.Release|Any CPU.ActiveCfg = Release|Any CPU
		{B6D9C5AE-4EEF-40B6-9A4E-5F5A1FDB4F4A}.Release|Any CPU.Build.0 = Release|Any CPU
		{9D666FCC-E9CC-4C75-BCB7-C69440E0F363}.Debug|Any CPU.ActiveCfg = Debug|Any CPU
		{9D666FCC-E9CC-4C75-BCB7-C69440E0F363}.Debug|Any CPU.Build.0 = Debug|Any CPU
		{9D666FCC-E9CC-4C75-BCB7-C69440E0F363}.Release|Any CPU.ActiveCfg = Release|Any CPU
		{9D666FCC-E9CC-4C75-BCB7-C69440E0F363}.Release|Any CPU.Build.0 = Release|Any CPU
		{94799870-4208-42AE-B752-C14043FBF847}.Debug|Any CPU.ActiveCfg = Debug|Any CPU
		{94799870-4208-42AE-B752-C14043FBF847}.Debug|Any CPU.Build.0 = Debug|Any CPU
		{94799870-4208-42AE-B752-C14043FBF847}.Release|Any CPU.ActiveCfg = Release|Any CPU
		{94799870-4208-42AE-B752-C14043FBF847}.Release|Any CPU.Build.0 = Release|Any CPU
		{640AE71A-5505-4B86-A27E-3FF4A4F9B6A8}.Debug|Any CPU.ActiveCfg = Debug|Any CPU
		{640AE71A-5505-4B86-A27E-3FF4A4F9B6A8}.Debug|Any CPU.Build.0 = Debug|Any CPU
		{640AE71A-5505-4B86-A27E-3FF4A4F9B6A8}.Release|Any CPU.ActiveCfg = Release|Any CPU
		{640AE71A-5505-4B86-A27E-3FF4A4F9B6A8}.Release|Any CPU.Build.0 = Release|Any CPU
		{C5DF548A-765A-4D2B-B14E-B3DA14EC29C0}.Debug|Any CPU.ActiveCfg = Debug|Any CPU
		{C5DF548A-765A-4D2B-B14E-B3DA14EC29C0}.Debug|Any CPU.Build.0 = Debug|Any CPU
		{C5DF548A-765A-4D2B-B14E-B3DA14EC29C0}.Release|Any CPU.ActiveCfg = Release|Any CPU
		{C5DF548A-765A-4D2B-B14E-B3DA14EC29C0}.Release|Any CPU.Build.0 = Release|Any CPU
		{D1952F25-5B5A-4478-B6F4-B16AB3BFB532}.Debug|Any CPU.ActiveCfg = Debug|Any CPU
		{D1952F25-5B5A-4478-B6F4-B16AB3BFB532}.Debug|Any CPU.Build.0 = Debug|Any CPU
		{D1952F25-5B5A-4478-B6F4-B16AB3BFB532}.Release|Any CPU.ActiveCfg = Release|Any CPU
		{D1952F25-5B5A-4478-B6F4-B16AB3BFB532}.Release|Any CPU.Build.0 = Release|Any CPU
		{0648CFE8-E690-4133-9007-308BDF992E0F}.Debug|Any CPU.ActiveCfg = Debug|Any CPU
		{0648CFE8-E690-4133-9007-308BDF992E0F}.Debug|Any CPU.Build.0 = Debug|Any CPU
		{0648CFE8-E690-4133-9007-308BDF992E0F}.Release|Any CPU.ActiveCfg = Release|Any CPU
		{0648CFE8-E690-4133-9007-308BDF992E0F}.Release|Any CPU.Build.0 = Release|Any CPU
		{29CD8CC6-E2C8-44D6-B215-D6848944B0F0}.Debug|Any CPU.ActiveCfg = Debug|Any CPU
		{29CD8CC6-E2C8-44D6-B215-D6848944B0F0}.Debug|Any CPU.Build.0 = Debug|Any CPU
		{29CD8CC6-E2C8-44D6-B215-D6848944B0F0}.Release|Any CPU.ActiveCfg = Release|Any CPU
		{29CD8CC6-E2C8-44D6-B215-D6848944B0F0}.Release|Any CPU.Build.0 = Release|Any CPU
		{AFA52BEB-B382-492B-B90F-A969D1FE57FE}.Debug|Any CPU.ActiveCfg = Debug|Any CPU
		{AFA52BEB-B382-492B-B90F-A969D1FE57FE}.Debug|Any CPU.Build.0 = Debug|Any CPU
		{AFA52BEB-B382-492B-B90F-A969D1FE57FE}.Release|Any CPU.ActiveCfg = Release|Any CPU
		{AFA52BEB-B382-492B-B90F-A969D1FE57FE}.Release|Any CPU.Build.0 = Release|Any CPU
		{66EA5460-F047-4E80-BFEF-54A3643A03AD}.Debug|Any CPU.ActiveCfg = Debug|Any CPU
		{66EA5460-F047-4E80-BFEF-54A3643A03AD}.Debug|Any CPU.Build.0 = Debug|Any CPU
		{66EA5460-F047-4E80-BFEF-54A3643A03AD}.Release|Any CPU.ActiveCfg = Release|Any CPU
		{66EA5460-F047-4E80-BFEF-54A3643A03AD}.Release|Any CPU.Build.0 = Release|Any CPU
		{A548F9C8-3508-4877-A555-1456A64EA01F}.Debug|Any CPU.ActiveCfg = Debug|Any CPU
		{A548F9C8-3508-4877-A555-1456A64EA01F}.Debug|Any CPU.Build.0 = Debug|Any CPU
		{A548F9C8-3508-4877-A555-1456A64EA01F}.Release|Any CPU.ActiveCfg = Release|Any CPU
		{A548F9C8-3508-4877-A555-1456A64EA01F}.Release|Any CPU.Build.0 = Release|Any CPU
		{CCEBE146-5832-401A-AF1D-984BD33763DE}.Debug|Any CPU.ActiveCfg = Debug|Any CPU
		{CCEBE146-5832-401A-AF1D-984BD33763DE}.Debug|Any CPU.Build.0 = Debug|Any CPU
		{CCEBE146-5832-401A-AF1D-984BD33763DE}.Release|Any CPU.ActiveCfg = Release|Any CPU
		{CCEBE146-5832-401A-AF1D-984BD33763DE}.Release|Any CPU.Build.0 = Release|Any CPU
		{96695A0A-A130-430A-90E8-63F3A0461B0D}.Debug|Any CPU.ActiveCfg = Debug|Any CPU
		{96695A0A-A130-430A-90E8-63F3A0461B0D}.Debug|Any CPU.Build.0 = Debug|Any CPU
		{96695A0A-A130-430A-90E8-63F3A0461B0D}.Release|Any CPU.ActiveCfg = Release|Any CPU
		{96695A0A-A130-430A-90E8-63F3A0461B0D}.Release|Any CPU.Build.0 = Release|Any CPU
		{DCEB9745-BA68-4130-8C70-FAC0AC1AF08E}.Debug|Any CPU.ActiveCfg = Debug|Any CPU
		{DCEB9745-BA68-4130-8C70-FAC0AC1AF08E}.Debug|Any CPU.Build.0 = Debug|Any CPU
		{DCEB9745-BA68-4130-8C70-FAC0AC1AF08E}.Release|Any CPU.ActiveCfg = Release|Any CPU
		{DCEB9745-BA68-4130-8C70-FAC0AC1AF08E}.Release|Any CPU.Build.0 = Release|Any CPU
		{A443F040-F9C5-40CB-9763-13FE8EA3CAA4}.Debug|Any CPU.ActiveCfg = Debug|Any CPU
		{A443F040-F9C5-40CB-9763-13FE8EA3CAA4}.Debug|Any CPU.Build.0 = Debug|Any CPU
		{A443F040-F9C5-40CB-9763-13FE8EA3CAA4}.Release|Any CPU.ActiveCfg = Release|Any CPU
		{A443F040-F9C5-40CB-9763-13FE8EA3CAA4}.Release|Any CPU.Build.0 = Release|Any CPU
		{95EFF140-A590-4912-BAA3-657CFE805E4A}.Debug|Any CPU.ActiveCfg = Debug|Any CPU
		{95EFF140-A590-4912-BAA3-657CFE805E4A}.Debug|Any CPU.Build.0 = Debug|Any CPU
		{95EFF140-A590-4912-BAA3-657CFE805E4A}.Release|Any CPU.ActiveCfg = Release|Any CPU
		{95EFF140-A590-4912-BAA3-657CFE805E4A}.Release|Any CPU.Build.0 = Release|Any CPU
		{3A892E7D-CACA-4F0D-9435-AEB118B27783}.Debug|Any CPU.ActiveCfg = Debug|Any CPU
		{3A892E7D-CACA-4F0D-9435-AEB118B27783}.Debug|Any CPU.Build.0 = Debug|Any CPU
		{3A892E7D-CACA-4F0D-9435-AEB118B27783}.Release|Any CPU.ActiveCfg = Release|Any CPU
		{3A892E7D-CACA-4F0D-9435-AEB118B27783}.Release|Any CPU.Build.0 = Release|Any CPU
		{F9C82B1D-FF2F-49A8-AA17-72CE414CEDFD}.Debug|Any CPU.ActiveCfg = Debug|Any CPU
		{F9C82B1D-FF2F-49A8-AA17-72CE414CEDFD}.Debug|Any CPU.Build.0 = Debug|Any CPU
		{F9C82B1D-FF2F-49A8-AA17-72CE414CEDFD}.Release|Any CPU.ActiveCfg = Release|Any CPU
		{F9C82B1D-FF2F-49A8-AA17-72CE414CEDFD}.Release|Any CPU.Build.0 = Release|Any CPU
		{E2CDC34F-5334-4F88-A30C-4857F3C61648}.Debug|Any CPU.ActiveCfg = Debug|Any CPU
		{E2CDC34F-5334-4F88-A30C-4857F3C61648}.Debug|Any CPU.Build.0 = Debug|Any CPU
		{E2CDC34F-5334-4F88-A30C-4857F3C61648}.Release|Any CPU.ActiveCfg = Release|Any CPU
		{E2CDC34F-5334-4F88-A30C-4857F3C61648}.Release|Any CPU.Build.0 = Release|Any CPU
		{1A6A75C5-2B61-49E2-ADFB-6CFBCC91ACD8}.Debug|Any CPU.ActiveCfg = Debug|Any CPU
		{1A6A75C5-2B61-49E2-ADFB-6CFBCC91ACD8}.Debug|Any CPU.Build.0 = Debug|Any CPU
		{1A6A75C5-2B61-49E2-ADFB-6CFBCC91ACD8}.Release|Any CPU.ActiveCfg = Release|Any CPU
		{1A6A75C5-2B61-49E2-ADFB-6CFBCC91ACD8}.Release|Any CPU.Build.0 = Release|Any CPU
		{313542B8-6238-44DC-8330-3EA6B0120A57}.Debug|Any CPU.ActiveCfg = Debug|Any CPU
		{313542B8-6238-44DC-8330-3EA6B0120A57}.Debug|Any CPU.Build.0 = Debug|Any CPU
		{313542B8-6238-44DC-8330-3EA6B0120A57}.Release|Any CPU.ActiveCfg = Release|Any CPU
		{313542B8-6238-44DC-8330-3EA6B0120A57}.Release|Any CPU.Build.0 = Release|Any CPU
		{98028A40-9A78-4A90-8A21-6A2481245052}.Debug|Any CPU.ActiveCfg = Debug|Any CPU
		{98028A40-9A78-4A90-8A21-6A2481245052}.Debug|Any CPU.Build.0 = Debug|Any CPU
		{98028A40-9A78-4A90-8A21-6A2481245052}.Release|Any CPU.ActiveCfg = Release|Any CPU
		{98028A40-9A78-4A90-8A21-6A2481245052}.Release|Any CPU.Build.0 = Release|Any CPU
		{308CE0E9-FE5F-4D68-A7F1-785B2EA684D2}.Debug|Any CPU.ActiveCfg = Debug|Any CPU
		{308CE0E9-FE5F-4D68-A7F1-785B2EA684D2}.Debug|Any CPU.Build.0 = Debug|Any CPU
		{308CE0E9-FE5F-4D68-A7F1-785B2EA684D2}.Release|Any CPU.ActiveCfg = Release|Any CPU
		{308CE0E9-FE5F-4D68-A7F1-785B2EA684D2}.Release|Any CPU.Build.0 = Release|Any CPU
		{A907B99A-31AD-4204-A213-F7BF5F4AA056}.Debug|Any CPU.ActiveCfg = Debug|Any CPU
		{A907B99A-31AD-4204-A213-F7BF5F4AA056}.Debug|Any CPU.Build.0 = Debug|Any CPU
		{A907B99A-31AD-4204-A213-F7BF5F4AA056}.Release|Any CPU.ActiveCfg = Release|Any CPU
		{A907B99A-31AD-4204-A213-F7BF5F4AA056}.Release|Any CPU.Build.0 = Release|Any CPU
		{51E57FD4-A2DA-492F-B938-F44D76A696DB}.Debug|Any CPU.ActiveCfg = Debug|Any CPU
		{51E57FD4-A2DA-492F-B938-F44D76A696DB}.Debug|Any CPU.Build.0 = Debug|Any CPU
		{51E57FD4-A2DA-492F-B938-F44D76A696DB}.Release|Any CPU.ActiveCfg = Release|Any CPU
		{51E57FD4-A2DA-492F-B938-F44D76A696DB}.Release|Any CPU.Build.0 = Release|Any CPU
		{DF2388D5-CD52-4AD1-8823-2569197BDF64}.Debug|Any CPU.ActiveCfg = Debug|Any CPU
		{DF2388D5-CD52-4AD1-8823-2569197BDF64}.Debug|Any CPU.Build.0 = Debug|Any CPU
		{DF2388D5-CD52-4AD1-8823-2569197BDF64}.Release|Any CPU.ActiveCfg = Release|Any CPU
		{DF2388D5-CD52-4AD1-8823-2569197BDF64}.Release|Any CPU.Build.0 = Release|Any CPU
		{4BD2207E-A311-4AC5-881C-04E5A8B183AD}.Debug|Any CPU.ActiveCfg = Debug|Any CPU
		{4BD2207E-A311-4AC5-881C-04E5A8B183AD}.Debug|Any CPU.Build.0 = Debug|Any CPU
		{4BD2207E-A311-4AC5-881C-04E5A8B183AD}.Release|Any CPU.ActiveCfg = Release|Any CPU
		{4BD2207E-A311-4AC5-881C-04E5A8B183AD}.Release|Any CPU.Build.0 = Release|Any CPU
		{17926689-4A60-4D11-A810-7780B585133F}.Debug|Any CPU.ActiveCfg = Debug|Any CPU
		{17926689-4A60-4D11-A810-7780B585133F}.Debug|Any CPU.Build.0 = Debug|Any CPU
		{17926689-4A60-4D11-A810-7780B585133F}.Release|Any CPU.ActiveCfg = Release|Any CPU
		{17926689-4A60-4D11-A810-7780B585133F}.Release|Any CPU.Build.0 = Release|Any CPU
		{570BDCC2-8C75-4610-8F77-4345CC9729C7}.Debug|Any CPU.ActiveCfg = Debug|Any CPU
		{570BDCC2-8C75-4610-8F77-4345CC9729C7}.Debug|Any CPU.Build.0 = Debug|Any CPU
		{570BDCC2-8C75-4610-8F77-4345CC9729C7}.Release|Any CPU.ActiveCfg = Release|Any CPU
		{570BDCC2-8C75-4610-8F77-4345CC9729C7}.Release|Any CPU.Build.0 = Release|Any CPU
		{A8787641-EBCF-4BF5-BD01-CBF4E053CB05}.Debug|Any CPU.ActiveCfg = Debug|Any CPU
		{A8787641-EBCF-4BF5-BD01-CBF4E053CB05}.Debug|Any CPU.Build.0 = Debug|Any CPU
		{A8787641-EBCF-4BF5-BD01-CBF4E053CB05}.Release|Any CPU.ActiveCfg = Release|Any CPU
		{A8787641-EBCF-4BF5-BD01-CBF4E053CB05}.Release|Any CPU.Build.0 = Release|Any CPU
		{228BCC4B-58E4-4918-AB55-86CC4D93E383}.Debug|Any CPU.ActiveCfg = Debug|Any CPU
		{228BCC4B-58E4-4918-AB55-86CC4D93E383}.Debug|Any CPU.Build.0 = Debug|Any CPU
		{228BCC4B-58E4-4918-AB55-86CC4D93E383}.Release|Any CPU.ActiveCfg = Release|Any CPU
		{228BCC4B-58E4-4918-AB55-86CC4D93E383}.Release|Any CPU.Build.0 = Release|Any CPU
		{878D0148-2B59-4091-ADCC-A799554F93C6}.Debug|Any CPU.ActiveCfg = Debug|Any CPU
		{878D0148-2B59-4091-ADCC-A799554F93C6}.Debug|Any CPU.Build.0 = Debug|Any CPU
		{878D0148-2B59-4091-ADCC-A799554F93C6}.Release|Any CPU.ActiveCfg = Release|Any CPU
		{878D0148-2B59-4091-ADCC-A799554F93C6}.Release|Any CPU.Build.0 = Release|Any CPU
		{8B3C1834-767F-4918-8D10-C649BB2D3CFE}.Debug|Any CPU.ActiveCfg = Debug|Any CPU
		{8B3C1834-767F-4918-8D10-C649BB2D3CFE}.Debug|Any CPU.Build.0 = Debug|Any CPU
		{8B3C1834-767F-4918-8D10-C649BB2D3CFE}.Release|Any CPU.ActiveCfg = Release|Any CPU
		{8B3C1834-767F-4918-8D10-C649BB2D3CFE}.Release|Any CPU.Build.0 = Release|Any CPU
		{E1DF9EB9-CC2E-474E-9CE1-78C5C5E02998}.Debug|Any CPU.ActiveCfg = Debug|Any CPU
		{E1DF9EB9-CC2E-474E-9CE1-78C5C5E02998}.Debug|Any CPU.Build.0 = Debug|Any CPU
		{E1DF9EB9-CC2E-474E-9CE1-78C5C5E02998}.Release|Any CPU.ActiveCfg = Release|Any CPU
		{E1DF9EB9-CC2E-474E-9CE1-78C5C5E02998}.Release|Any CPU.Build.0 = Release|Any CPU
		{C357897C-273B-4BC0-971C-956BA26B0C83}.Debug|Any CPU.ActiveCfg = Debug|Any CPU
		{C357897C-273B-4BC0-971C-956BA26B0C83}.Debug|Any CPU.Build.0 = Debug|Any CPU
		{C357897C-273B-4BC0-971C-956BA26B0C83}.Release|Any CPU.ActiveCfg = Release|Any CPU
		{C357897C-273B-4BC0-971C-956BA26B0C83}.Release|Any CPU.Build.0 = Release|Any CPU
		{4431A5C9-5F46-46D7-BD69-57A2CD635EA2}.Debug|Any CPU.ActiveCfg = Debug|Any CPU
		{4431A5C9-5F46-46D7-BD69-57A2CD635EA2}.Debug|Any CPU.Build.0 = Debug|Any CPU
		{4431A5C9-5F46-46D7-BD69-57A2CD635EA2}.Release|Any CPU.ActiveCfg = Release|Any CPU
		{4431A5C9-5F46-46D7-BD69-57A2CD635EA2}.Release|Any CPU.Build.0 = Release|Any CPU
		{3594F5EF-4DCA-4955-BD36-9FED7333C815}.Debug|Any CPU.ActiveCfg = Debug|Any CPU
		{3594F5EF-4DCA-4955-BD36-9FED7333C815}.Debug|Any CPU.Build.0 = Debug|Any CPU
		{3594F5EF-4DCA-4955-BD36-9FED7333C815}.Release|Any CPU.ActiveCfg = Release|Any CPU
		{3594F5EF-4DCA-4955-BD36-9FED7333C815}.Release|Any CPU.Build.0 = Release|Any CPU
		{B777CDD7-9FA2-44D2-B892-E6A2DED61F32}.Debug|Any CPU.ActiveCfg = Debug|Any CPU
		{B777CDD7-9FA2-44D2-B892-E6A2DED61F32}.Debug|Any CPU.Build.0 = Debug|Any CPU
		{B777CDD7-9FA2-44D2-B892-E6A2DED61F32}.Release|Any CPU.ActiveCfg = Release|Any CPU
		{B777CDD7-9FA2-44D2-B892-E6A2DED61F32}.Release|Any CPU.Build.0 = Release|Any CPU
		{EC442220-553F-48AC-A284-D9AD6B10672D}.Debug|Any CPU.ActiveCfg = Debug|Any CPU
		{EC442220-553F-48AC-A284-D9AD6B10672D}.Debug|Any CPU.Build.0 = Debug|Any CPU
		{EC442220-553F-48AC-A284-D9AD6B10672D}.Release|Any CPU.ActiveCfg = Release|Any CPU
		{EC442220-553F-48AC-A284-D9AD6B10672D}.Release|Any CPU.Build.0 = Release|Any CPU
		{FE01AABA-44CE-44DA-8AE8-ED6D4DD7B0AF}.Debug|Any CPU.ActiveCfg = Debug|Any CPU
		{FE01AABA-44CE-44DA-8AE8-ED6D4DD7B0AF}.Debug|Any CPU.Build.0 = Debug|Any CPU
		{FE01AABA-44CE-44DA-8AE8-ED6D4DD7B0AF}.Release|Any CPU.ActiveCfg = Release|Any CPU
		{FE01AABA-44CE-44DA-8AE8-ED6D4DD7B0AF}.Release|Any CPU.Build.0 = Release|Any CPU
		{C69D8E55-9867-4F1B-9F6A-17834240AF71}.Debug|Any CPU.ActiveCfg = Debug|Any CPU
		{C69D8E55-9867-4F1B-9F6A-17834240AF71}.Debug|Any CPU.Build.0 = Debug|Any CPU
		{C69D8E55-9867-4F1B-9F6A-17834240AF71}.Release|Any CPU.ActiveCfg = Release|Any CPU
		{C69D8E55-9867-4F1B-9F6A-17834240AF71}.Release|Any CPU.Build.0 = Release|Any CPU
		{5E4A03DE-5790-4EAB-85C5-7127B54F69EE}.Debug|Any CPU.ActiveCfg = Debug|Any CPU
		{5E4A03DE-5790-4EAB-85C5-7127B54F69EE}.Debug|Any CPU.Build.0 = Debug|Any CPU
		{5E4A03DE-5790-4EAB-85C5-7127B54F69EE}.Release|Any CPU.ActiveCfg = Release|Any CPU
		{5E4A03DE-5790-4EAB-85C5-7127B54F69EE}.Release|Any CPU.Build.0 = Release|Any CPU
		{061F2493-B1E3-444C-A89E-25E1612619C3}.Debug|Any CPU.ActiveCfg = Debug|Any CPU
		{061F2493-B1E3-444C-A89E-25E1612619C3}.Debug|Any CPU.Build.0 = Debug|Any CPU
		{061F2493-B1E3-444C-A89E-25E1612619C3}.Release|Any CPU.ActiveCfg = Release|Any CPU
		{061F2493-B1E3-444C-A89E-25E1612619C3}.Release|Any CPU.Build.0 = Release|Any CPU
		{9DBEBB70-127F-4130-864F-17DB0F2B069D}.Debug|Any CPU.ActiveCfg = Debug|Any CPU
		{9DBEBB70-127F-4130-864F-17DB0F2B069D}.Debug|Any CPU.Build.0 = Debug|Any CPU
		{9DBEBB70-127F-4130-864F-17DB0F2B069D}.Release|Any CPU.ActiveCfg = Release|Any CPU
		{9DBEBB70-127F-4130-864F-17DB0F2B069D}.Release|Any CPU.Build.0 = Release|Any CPU
		{80BD1850-5025-4150-8E86-920CB894E82B}.Debug|Any CPU.ActiveCfg = Debug|Any CPU
		{80BD1850-5025-4150-8E86-920CB894E82B}.Debug|Any CPU.Build.0 = Debug|Any CPU
		{80BD1850-5025-4150-8E86-920CB894E82B}.Release|Any CPU.ActiveCfg = Release|Any CPU
		{80BD1850-5025-4150-8E86-920CB894E82B}.Release|Any CPU.Build.0 = Release|Any CPU
		{8D691E0A-48BD-4D39-81A3-8B6D2A81F2B6}.Debug|Any CPU.ActiveCfg = Debug|Any CPU
		{8D691E0A-48BD-4D39-81A3-8B6D2A81F2B6}.Debug|Any CPU.Build.0 = Debug|Any CPU
		{8D691E0A-48BD-4D39-81A3-8B6D2A81F2B6}.Release|Any CPU.ActiveCfg = Release|Any CPU
		{8D691E0A-48BD-4D39-81A3-8B6D2A81F2B6}.Release|Any CPU.Build.0 = Release|Any CPU
		{2EA46CF7-7844-4C02-80C8-94CB85A4A118}.Debug|Any CPU.ActiveCfg = Debug|Any CPU
		{2EA46CF7-7844-4C02-80C8-94CB85A4A118}.Debug|Any CPU.Build.0 = Debug|Any CPU
		{2EA46CF7-7844-4C02-80C8-94CB85A4A118}.Release|Any CPU.ActiveCfg = Release|Any CPU
		{2EA46CF7-7844-4C02-80C8-94CB85A4A118}.Release|Any CPU.Build.0 = Release|Any CPU
		{3A5B07ED-B56F-4A6D-B056-7AE5C3CA5585}.Debug|Any CPU.ActiveCfg = Debug|Any CPU
		{3A5B07ED-B56F-4A6D-B056-7AE5C3CA5585}.Debug|Any CPU.Build.0 = Debug|Any CPU
		{3A5B07ED-B56F-4A6D-B056-7AE5C3CA5585}.Release|Any CPU.ActiveCfg = Release|Any CPU
		{3A5B07ED-B56F-4A6D-B056-7AE5C3CA5585}.Release|Any CPU.Build.0 = Release|Any CPU
		{947F8107-9A15-48B3-9F19-3544AC88D72A}.Debug|Any CPU.ActiveCfg = Debug|Any CPU
		{947F8107-9A15-48B3-9F19-3544AC88D72A}.Debug|Any CPU.Build.0 = Debug|Any CPU
		{947F8107-9A15-48B3-9F19-3544AC88D72A}.Release|Any CPU.ActiveCfg = Release|Any CPU
		{947F8107-9A15-48B3-9F19-3544AC88D72A}.Release|Any CPU.Build.0 = Release|Any CPU
		{97312A87-BD09-44D5-90FE-2DD716664900}.Debug|Any CPU.ActiveCfg = Debug|Any CPU
		{97312A87-BD09-44D5-90FE-2DD716664900}.Debug|Any CPU.Build.0 = Debug|Any CPU
		{97312A87-BD09-44D5-90FE-2DD716664900}.Release|Any CPU.ActiveCfg = Release|Any CPU
		{97312A87-BD09-44D5-90FE-2DD716664900}.Release|Any CPU.Build.0 = Release|Any CPU
		{2FDF4403-5283-4004-A15E-64548806F815}.Debug|Any CPU.ActiveCfg = Debug|Any CPU
		{2FDF4403-5283-4004-A15E-64548806F815}.Debug|Any CPU.Build.0 = Debug|Any CPU
		{2FDF4403-5283-4004-A15E-64548806F815}.Release|Any CPU.ActiveCfg = Release|Any CPU
		{2FDF4403-5283-4004-A15E-64548806F815}.Release|Any CPU.Build.0 = Release|Any CPU
		{82A50600-F532-47EC-9B36-7287701F02A9}.Debug|Any CPU.ActiveCfg = Debug|Any CPU
		{82A50600-F532-47EC-9B36-7287701F02A9}.Debug|Any CPU.Build.0 = Debug|Any CPU
		{82A50600-F532-47EC-9B36-7287701F02A9}.Release|Any CPU.ActiveCfg = Release|Any CPU
		{82A50600-F532-47EC-9B36-7287701F02A9}.Release|Any CPU.Build.0 = Release|Any CPU
		{917311DF-2138-4263-853B-6337424D6F41}.Debug|Any CPU.ActiveCfg = Debug|Any CPU
		{917311DF-2138-4263-853B-6337424D6F41}.Debug|Any CPU.Build.0 = Debug|Any CPU
		{917311DF-2138-4263-853B-6337424D6F41}.Release|Any CPU.ActiveCfg = Release|Any CPU
		{917311DF-2138-4263-853B-6337424D6F41}.Release|Any CPU.Build.0 = Release|Any CPU
		{17E8EAD4-7A38-4E1A-A4EE-7BF796EDAC40}.Debug|Any CPU.ActiveCfg = Debug|Any CPU
		{17E8EAD4-7A38-4E1A-A4EE-7BF796EDAC40}.Debug|Any CPU.Build.0 = Debug|Any CPU
		{17E8EAD4-7A38-4E1A-A4EE-7BF796EDAC40}.Release|Any CPU.ActiveCfg = Release|Any CPU
		{17E8EAD4-7A38-4E1A-A4EE-7BF796EDAC40}.Release|Any CPU.Build.0 = Release|Any CPU
		{7FBD36AE-B368-4F61-8D42-AF995290BEAE}.Debug|Any CPU.ActiveCfg = Debug|Any CPU
		{7FBD36AE-B368-4F61-8D42-AF995290BEAE}.Debug|Any CPU.Build.0 = Debug|Any CPU
		{7FBD36AE-B368-4F61-8D42-AF995290BEAE}.Release|Any CPU.ActiveCfg = Release|Any CPU
		{7FBD36AE-B368-4F61-8D42-AF995290BEAE}.Release|Any CPU.Build.0 = Release|Any CPU
		{987CAA00-A02C-406D-A10A-AFE035C1422C}.Debug|Any CPU.ActiveCfg = Debug|Any CPU
		{987CAA00-A02C-406D-A10A-AFE035C1422C}.Debug|Any CPU.Build.0 = Debug|Any CPU
		{987CAA00-A02C-406D-A10A-AFE035C1422C}.Release|Any CPU.ActiveCfg = Release|Any CPU
		{987CAA00-A02C-406D-A10A-AFE035C1422C}.Release|Any CPU.Build.0 = Release|Any CPU
		{519E7F66-B1DD-42C7-86F5-EC0545386064}.Debug|Any CPU.ActiveCfg = Debug|Any CPU
		{519E7F66-B1DD-42C7-86F5-EC0545386064}.Debug|Any CPU.Build.0 = Debug|Any CPU
		{519E7F66-B1DD-42C7-86F5-EC0545386064}.Release|Any CPU.ActiveCfg = Release|Any CPU
		{519E7F66-B1DD-42C7-86F5-EC0545386064}.Release|Any CPU.Build.0 = Release|Any CPU
		{0F1F7C9F-9FF0-4A9A-8650-58DBCCB4A324}.Debug|Any CPU.ActiveCfg = Debug|Any CPU
		{0F1F7C9F-9FF0-4A9A-8650-58DBCCB4A324}.Debug|Any CPU.Build.0 = Debug|Any CPU
		{0F1F7C9F-9FF0-4A9A-8650-58DBCCB4A324}.Release|Any CPU.ActiveCfg = Release|Any CPU
		{0F1F7C9F-9FF0-4A9A-8650-58DBCCB4A324}.Release|Any CPU.Build.0 = Release|Any CPU
		{60D43323-D7B3-4E64-AD73-AA15CA6241B7}.Debug|Any CPU.ActiveCfg = Debug|Any CPU
		{60D43323-D7B3-4E64-AD73-AA15CA6241B7}.Debug|Any CPU.Build.0 = Debug|Any CPU
		{60D43323-D7B3-4E64-AD73-AA15CA6241B7}.Release|Any CPU.ActiveCfg = Release|Any CPU
		{60D43323-D7B3-4E64-AD73-AA15CA6241B7}.Release|Any CPU.Build.0 = Release|Any CPU
		{BFF68096-55D5-4E26-BC20-A3278998C52C}.Debug|Any CPU.ActiveCfg = Debug|Any CPU
		{BFF68096-55D5-4E26-BC20-A3278998C52C}.Debug|Any CPU.Build.0 = Debug|Any CPU
		{BFF68096-55D5-4E26-BC20-A3278998C52C}.Release|Any CPU.ActiveCfg = Release|Any CPU
		{BFF68096-55D5-4E26-BC20-A3278998C52C}.Release|Any CPU.Build.0 = Release|Any CPU
		{17FFA5FA-9B84-4A6F-9819-BC94AD239F53}.Debug|Any CPU.ActiveCfg = Debug|Any CPU
		{17FFA5FA-9B84-4A6F-9819-BC94AD239F53}.Debug|Any CPU.Build.0 = Debug|Any CPU
		{17FFA5FA-9B84-4A6F-9819-BC94AD239F53}.Release|Any CPU.ActiveCfg = Release|Any CPU
		{17FFA5FA-9B84-4A6F-9819-BC94AD239F53}.Release|Any CPU.Build.0 = Release|Any CPU
		{18FCA97F-B698-4F51-82B8-A7DDB033A0B5}.Debug|Any CPU.ActiveCfg = Debug|Any CPU
		{18FCA97F-B698-4F51-82B8-A7DDB033A0B5}.Debug|Any CPU.Build.0 = Debug|Any CPU
		{18FCA97F-B698-4F51-82B8-A7DDB033A0B5}.Release|Any CPU.ActiveCfg = Release|Any CPU
		{18FCA97F-B698-4F51-82B8-A7DDB033A0B5}.Release|Any CPU.Build.0 = Release|Any CPU
		{6727AE91-38DF-4483-9510-DEEA00131A75}.Debug|Any CPU.ActiveCfg = Debug|Any CPU
		{6727AE91-38DF-4483-9510-DEEA00131A75}.Debug|Any CPU.Build.0 = Debug|Any CPU
		{6727AE91-38DF-4483-9510-DEEA00131A75}.Release|Any CPU.ActiveCfg = Release|Any CPU
		{6727AE91-38DF-4483-9510-DEEA00131A75}.Release|Any CPU.Build.0 = Release|Any CPU
		{A3EC5B06-6233-4B49-9E47-88891078D5EC}.Debug|Any CPU.ActiveCfg = Debug|Any CPU
		{A3EC5B06-6233-4B49-9E47-88891078D5EC}.Debug|Any CPU.Build.0 = Debug|Any CPU
		{A3EC5B06-6233-4B49-9E47-88891078D5EC}.Release|Any CPU.ActiveCfg = Release|Any CPU
		{A3EC5B06-6233-4B49-9E47-88891078D5EC}.Release|Any CPU.Build.0 = Release|Any CPU
	EndGlobalSection
	GlobalSection(SolutionProperties) = preSolution
		HideSolutionNode = FALSE
	EndGlobalSection
	GlobalSection(ExtensibilityGlobals) = postSolution
		SolutionGuid = {97E65021-B196-4CA0-A15C-BE23309452A0}
	EndGlobalSection
EndGlobal
